
Microsoft Visual Studio Solution File, Format Version 12.00
# Visual Studio 2013
VisualStudioVersion = 12.0.30501.0
MinimumVisualStudioVersion = 10.0.40219.1
Project("{FAE04EC0-301F-11D3-BF4B-00C04F79EFBC}") = "Test", "Test\Test.csproj", "{D2420635-1FF2-44A5-BF2F-10D680A5C406}"
EndProject
Project("{FAE04EC0-301F-11D3-BF4B-00C04F79EFBC}") = "Import", "Import\Import.csproj", "{1AFA2A88-0DE0-4ECB-91A2-78495318C86F}"
EndProject
Project("{FAE04EC0-301F-11D3-BF4B-00C04F79EFBC}") = "Build", "Build\Build.csproj", "{C5D4D706-1C77-4176-8A3D-564F69EF3A33}"
EndProject
Project("{FAE04EC0-301F-11D3-BF4B-00C04F79EFBC}") = "Modularise", "Modularise\Modularise.csproj", "{C0D3D3CE-7875-402C-BC50-A521CF8C9C90}"
EndProject
Project("{FAE04EC0-301F-11D3-BF4B-00C04F79EFBC}") = "Analyse", "Analyse\Analyse.csproj", "{E7274C51-114E-41C0-90E7-7E1B884DE37A}"
	ProjectSection(ProjectDependencies) = postProject
		{C5D4D706-1C77-4176-8A3D-564F69EF3A33} = {C5D4D706-1C77-4176-8A3D-564F69EF3A33}
		{D2420635-1FF2-44A5-BF2F-10D680A5C406} = {D2420635-1FF2-44A5-BF2F-10D680A5C406}
	EndProjectSection
EndProject
Project("{FAE04EC0-301F-11D3-BF4B-00C04F79EFBC}") = "UI.Console", "UI.Console\UI.Console.csproj", "{C4C1763E-E0D4-41FD-BB8E-277AF3E2BD37}"
EndProject
Project("{FAE04EC0-301F-11D3-BF4B-00C04F79EFBC}") = "Common", "Common\Common.csproj", "{248FA5EF-3EFB-4119-8A2C-B8AAEC802678}"
EndProject
Project("{FAE04EC0-301F-11D3-BF4B-00C04F79EFBC}") = "Project1", "Project1\Project1.csproj", "{3F52D1B8-2A99-4EFB-BC0A-79FB33292715}"
EndProject
Global
	GlobalSection(SolutionConfigurationPlatforms) = preSolution
		Debug|Any CPU = Debug|Any CPU
		Debug|Mixed Platforms = Debug|Mixed Platforms
		Debug|x86 = Debug|x86
		Release|Any CPU = Release|Any CPU
		Release|Mixed Platforms = Release|Mixed Platforms
		Release|x86 = Release|x86
	EndGlobalSection
	GlobalSection(ProjectConfigurationPlatforms) = postSolution
		{D2420635-1FF2-44A5-BF2F-10D680A5C406}.Debug|Any CPU.ActiveCfg = Debug|Any CPU
		{D2420635-1FF2-44A5-BF2F-10D680A5C406}.Debug|Any CPU.Build.0 = Debug|Any CPU
		{D2420635-1FF2-44A5-BF2F-10D680A5C406}.Debug|Mixed Platforms.ActiveCfg = Debug|x86
		{D2420635-1FF2-44A5-BF2F-10D680A5C406}.Debug|x86.ActiveCfg = Debug|x86
		{D2420635-1FF2-44A5-BF2F-10D680A5C406}.Debug|x86.Build.0 = Debug|x86
		{D2420635-1FF2-44A5-BF2F-10D680A5C406}.Release|Any CPU.ActiveCfg = Release|Any CPU
		{D2420635-1FF2-44A5-BF2F-10D680A5C406}.Release|Mixed Platforms.ActiveCfg = Release|x86
		{D2420635-1FF2-44A5-BF2F-10D680A5C406}.Release|x86.ActiveCfg = Release|x86
		{D2420635-1FF2-44A5-BF2F-10D680A5C406}.Release|x86.Build.0 = Release|x86
		{1AFA2A88-0DE0-4ECB-91A2-78495318C86F}.Debug|Any CPU.ActiveCfg = Debug|Any CPU
		{1AFA2A88-0DE0-4ECB-91A2-78495318C86F}.Debug|Any CPU.Build.0 = Debug|Any CPU
		{1AFA2A88-0DE0-4ECB-91A2-78495318C86F}.Debug|Mixed Platforms.ActiveCfg = Debug|Any CPU
		{1AFA2A88-0DE0-4ECB-91A2-78495318C86F}.Debug|Mixed Platforms.Build.0 = Debug|Any CPU
		{1AFA2A88-0DE0-4ECB-91A2-78495318C86F}.Debug|x86.ActiveCfg = Debug|x86
		{1AFA2A88-0DE0-4ECB-91A2-78495318C86F}.Debug|x86.Build.0 = Debug|x86
		{1AFA2A88-0DE0-4ECB-91A2-78495318C86F}.Release|Any CPU.ActiveCfg = Release|Any CPU
		{1AFA2A88-0DE0-4ECB-91A2-78495318C86F}.Release|Any CPU.Build.0 = Release|Any CPU
		{1AFA2A88-0DE0-4ECB-91A2-78495318C86F}.Release|Mixed Platforms.ActiveCfg = Release|x86
		{1AFA2A88-0DE0-4ECB-91A2-78495318C86F}.Release|Mixed Platforms.Build.0 = Release|x86
		{1AFA2A88-0DE0-4ECB-91A2-78495318C86F}.Release|x86.ActiveCfg = Release|x86
		{1AFA2A88-0DE0-4ECB-91A2-78495318C86F}.Release|x86.Build.0 = Release|x86
		{C5D4D706-1C77-4176-8A3D-564F69EF3A33}.Debug|Any CPU.ActiveCfg = Debug|Any CPU
		{C5D4D706-1C77-4176-8A3D-564F69EF3A33}.Debug|Any CPU.Build.0 = Debug|Any CPU
		{C5D4D706-1C77-4176-8A3D-564F69EF3A33}.Debug|Mixed Platforms.ActiveCfg = Debug|Any CPU
		{C5D4D706-1C77-4176-8A3D-564F69EF3A33}.Debug|Mixed Platforms.Build.0 = Debug|Any CPU
		{C5D4D706-1C77-4176-8A3D-564F69EF3A33}.Debug|x86.ActiveCfg = Debug|x86
		{C5D4D706-1C77-4176-8A3D-564F69EF3A33}.Debug|x86.Build.0 = Debug|x86
		{C5D4D706-1C77-4176-8A3D-564F69EF3A33}.Release|Any CPU.ActiveCfg = Release|Any CPU
		{C5D4D706-1C77-4176-8A3D-564F69EF3A33}.Release|Any CPU.Build.0 = Release|Any CPU
		{C5D4D706-1C77-4176-8A3D-564F69EF3A33}.Release|Mixed Platforms.ActiveCfg = Release|x86
		{C5D4D706-1C77-4176-8A3D-564F69EF3A33}.Release|x86.ActiveCfg = Release|x86
		{C5D4D706-1C77-4176-8A3D-564F69EF3A33}.Release|x86.Build.0 = Release|x86
		{C0D3D3CE-7875-402C-BC50-A521CF8C9C90}.Debug|Any CPU.ActiveCfg = Debug|Any CPU
		{C0D3D3CE-7875-402C-BC50-A521CF8C9C90}.Debug|Any CPU.Build.0 = Debug|Any CPU
		{C0D3D3CE-7875-402C-BC50-A521CF8C9C90}.Debug|Mixed Platforms.ActiveCfg = Debug|Any CPU
		{C0D3D3CE-7875-402C-BC50-A521CF8C9C90}.Debug|Mixed Platforms.Build.0 = Debug|Any CPU
		{C0D3D3CE-7875-402C-BC50-A521CF8C9C90}.Debug|x86.ActiveCfg = Debug|x86
		{C0D3D3CE-7875-402C-BC50-A521CF8C9C90}.Debug|x86.Build.0 = Debug|x86
		{C0D3D3CE-7875-402C-BC50-A521CF8C9C90}.Release|Any CPU.ActiveCfg = Release|Any CPU
		{C0D3D3CE-7875-402C-BC50-A521CF8C9C90}.Release|Any CPU.Build.0 = Release|Any CPU
		{C0D3D3CE-7875-402C-BC50-A521CF8C9C90}.Release|Mixed Platforms.ActiveCfg = Release|x86
		{C0D3D3CE-7875-402C-BC50-A521CF8C9C90}.Release|Mixed Platforms.Build.0 = Release|x86
		{C0D3D3CE-7875-402C-BC50-A521CF8C9C90}.Release|x86.ActiveCfg = Release|x86
		{C0D3D3CE-7875-402C-BC50-A521CF8C9C90}.Release|x86.Build.0 = Release|x86
		{E7274C51-114E-41C0-90E7-7E1B884DE37A}.Debug|Any CPU.ActiveCfg = Debug|Any CPU
		{E7274C51-114E-41C0-90E7-7E1B884DE37A}.Debug|Any CPU.Build.0 = Debug|Any CPU
		{E7274C51-114E-41C0-90E7-7E1B884DE37A}.Debug|Mixed Platforms.ActiveCfg = Debug|Any CPU
		{E7274C51-114E-41C0-90E7-7E1B884DE37A}.Debug|Mixed Platforms.Build.0 = Debug|Any CPU
		{E7274C51-114E-41C0-90E7-7E1B884DE37A}.Debug|x86.ActiveCfg = Debug|x86
		{E7274C51-114E-41C0-90E7-7E1B884DE37A}.Debug|x86.Build.0 = Debug|x86
		{E7274C51-114E-41C0-90E7-7E1B884DE37A}.Release|Any CPU.ActiveCfg = Release|Any CPU
		{E7274C51-114E-41C0-90E7-7E1B884DE37A}.Release|Any CPU.Build.0 = Release|Any CPU
		{E7274C51-114E-41C0-90E7-7E1B884DE37A}.Release|Mixed Platforms.ActiveCfg = Release|x86
		{E7274C51-114E-41C0-90E7-7E1B884DE37A}.Release|Mixed Platforms.Build.0 = Release|x86
		{E7274C51-114E-41C0-90E7-7E1B884DE37A}.Release|x86.ActiveCfg = Release|x86
		{E7274C51-114E-41C0-90E7-7E1B884DE37A}.Release|x86.Build.0 = Release|x86
		{C4C1763E-E0D4-41FD-BB8E-277AF3E2BD37}.Debug|Any CPU.ActiveCfg = Debug|Any CPU
		{C4C1763E-E0D4-41FD-BB8E-277AF3E2BD37}.Debug|Any CPU.Build.0 = Debug|Any CPU
		{C4C1763E-E0D4-41FD-BB8E-277AF3E2BD37}.Debug|Mixed Platforms.ActiveCfg = Debug|Any CPU
		{C4C1763E-E0D4-41FD-BB8E-277AF3E2BD37}.Debug|Mixed Platforms.Build.0 = Debug|Any CPU
		{C4C1763E-E0D4-41FD-BB8E-277AF3E2BD37}.Debug|x86.ActiveCfg = Debug|Any CPU
		{C4C1763E-E0D4-41FD-BB8E-277AF3E2BD37}.Release|Any CPU.ActiveCfg = Release|Any CPU
		{C4C1763E-E0D4-41FD-BB8E-277AF3E2BD37}.Release|Any CPU.Build.0 = Release|Any CPU
		{C4C1763E-E0D4-41FD-BB8E-277AF3E2BD37}.Release|Mixed Platforms.ActiveCfg = Release|Any CPU
		{C4C1763E-E0D4-41FD-BB8E-277AF3E2BD37}.Release|Mixed Platforms.Build.0 = Release|Any CPU
		{C4C1763E-E0D4-41FD-BB8E-277AF3E2BD37}.Release|x86.ActiveCfg = Release|Any CPU
		{248FA5EF-3EFB-4119-8A2C-B8AAEC802678}.Debug|Any CPU.ActiveCfg = Debug|Any CPU
		{248FA5EF-3EFB-4119-8A2C-B8AAEC802678}.Debug|Any CPU.Build.0 = Debug|Any CPU
		{248FA5EF-3EFB-4119-8A2C-B8AAEC802678}.Debug|Mixed Platforms.ActiveCfg = Debug|Any CPU
		{248FA5EF-3EFB-4119-8A2C-B8AAEC802678}.Debug|Mixed Platforms.Build.0 = Debug|Any CPU
		{248FA5EF-3EFB-4119-8A2C-B8AAEC802678}.Debug|x86.ActiveCfg = Debug|Any CPU
		{248FA5EF-3EFB-4119-8A2C-B8AAEC802678}.Release|Any CPU.ActiveCfg = Release|Any CPU
		{248FA5EF-3EFB-4119-8A2C-B8AAEC802678}.Release|Any CPU.Build.0 = Release|Any CPU
		{248FA5EF-3EFB-4119-8A2C-B8AAEC802678}.Release|Mixed Platforms.ActiveCfg = Release|Any CPU
		{248FA5EF-3EFB-4119-8A2C-B8AAEC802678}.Release|Mixed Platforms.Build.0 = Release|Any CPU
		{248FA5EF-3EFB-4119-8A2C-B8AAEC802678}.Release|x86.ActiveCfg = Release|Any CPU
		{3F52D1B8-2A99-4EFB-BC0A-79FB33292715}.Debug|Any CPU.ActiveCfg = Debug|Any CPU
		{3F52D1B8-2A99-4EFB-BC0A-79FB33292715}.Debug|Any CPU.Build.0 = Debug|Any CPU
		{3F52D1B8-2A99-4EFB-BC0A-79FB33292715}.Debug|Mixed Platforms.ActiveCfg = Debug|Any CPU
		{3F52D1B8-2A99-4EFB-BC0A-79FB33292715}.Debug|Mixed Platforms.Build.0 = Debug|Any CPU
		{3F52D1B8-2A99-4EFB-BC0A-79FB33292715}.Debug|x86.ActiveCfg = Debug|Any CPU
		{3F52D1B8-2A99-4EFB-BC0A-79FB33292715}.Release|Any CPU.ActiveCfg = Release|Any CPU
		{3F52D1B8-2A99-4EFB-BC0A-79FB33292715}.Release|Any CPU.Build.0 = Release|Any CPU
		{3F52D1B8-2A99-4EFB-BC0A-79FB33292715}.Release|Mixed Platforms.ActiveCfg = Release|Any CPU
		{3F52D1B8-2A99-4EFB-BC0A-79FB33292715}.Release|Mixed Platforms.Build.0 = Release|Any CPU
		{3F52D1B8-2A99-4EFB-BC0A-79FB33292715}.Release|x86.ActiveCfg = Release|Any CPU
	EndGlobalSection
	GlobalSection(SolutionProperties) = preSolution
		HideSolutionNode = FALSE
	EndGlobalSection
EndGlobal
